
Microsoft Visual Studio Solution File, Format Version 12.00
# Visual Studio Version 17
VisualStudioVersion = 17.14.36221.1
MinimumVisualStudioVersion = 10.0.40219.1
Project("{FAE04EC0-301F-11D3-BF4B-00C04F79EFBC}") = "BeerBarBrewery", "BeerBarBrewery\BeerBarBrewery.csproj", "{5088AA94-57D5-4165-8E64-C95C05784CC4}"
EndProject
Project("{2150E333-8FDC-42A3-9474-1A3956D46DE8}") = "Api", "Api", "{02EA681E-C7D8-13C7-8484-4AC65E1B71E8}"
EndProject
Project("{2150E333-8FDC-42A3-9474-1A3956D46DE8}") = "Business", "Business", "{DC08D70A-D9B5-482C-BE5F-E852BE930C7A}"
EndProject
Project("{2150E333-8FDC-42A3-9474-1A3956D46DE8}") = "Database", "Database", "{33A030D0-F928-48AF-99FE-73692A4AF022}"
EndProject
Project("{FAE04EC0-301F-11D3-BF4B-00C04F79EFBC}") = "Model.BeerBarBrewery", "Model.BeerBarBrewery\Model.BeerBarBrewery.csproj", "{168EC4A9-3658-4458-AEBE-38673162A05A}"
EndProject
Project("{FAE04EC0-301F-11D3-BF4B-00C04F79EFBC}") = "Business.BeerBarBrewery", "Business.BeerBarBrewery\Business.BeerBarBrewery.csproj", "{76A67DCE-B98E-4075-996A-4D68247502AC}"
EndProject
Project("{FAE04EC0-301F-11D3-BF4B-00C04F79EFBC}") = "Database.Entities", "Database.Entities\Database.Entities.csproj", "{9210AE69-EBA4-488D-9D1A-DD7A5CF1EAFC}"
EndProject
Project("{FAE04EC0-301F-11D3-BF4B-00C04F79EFBC}") = "Database.BeerBarBrewery", "Database.BeerBarBrewery\Database.BeerBarBrewery.csproj", "{1002ABFA-8C34-40BA-AFE1-E5D9F75500CF}"
EndProject
Project("{FAE04EC0-301F-11D3-BF4B-00C04F79EFBC}") = "Contract.BeerBarBrewery", "Contract.BeerBarBrewery\Contract.BeerBarBrewery.csproj", "{5F1364AE-9626-4760-B062-F60E90E13A0A}"
EndProject
Project("{FAE04EC0-301F-11D3-BF4B-00C04F79EFBC}") = "BeerBarBrewery.Tests", "BeerBarBrewery.Tests\BeerBarBrewery.Tests.csproj", "{59FDA972-91F2-4E79-A440-EA212B6281FA}"
EndProject
Project("{2150E333-8FDC-42A3-9474-1A3956D46DE8}") = "Test", "Test", "{F3F002D9-36F1-4F37-95A8-F4F09855A454}"
EndProject
Global
	GlobalSection(SolutionConfigurationPlatforms) = preSolution
		Debug|Any CPU = Debug|Any CPU
		Debug|x64 = Debug|x64
		Debug|x86 = Debug|x86
		Release|Any CPU = Release|Any CPU
		Release|x64 = Release|x64
		Release|x86 = Release|x86
	EndGlobalSection
	GlobalSection(ProjectConfigurationPlatforms) = postSolution
		{5088AA94-57D5-4165-8E64-C95C05784CC4}.Debug|Any CPU.ActiveCfg = Debug|Any CPU
		{5088AA94-57D5-4165-8E64-C95C05784CC4}.Debug|Any CPU.Build.0 = Debug|Any CPU
		{5088AA94-57D5-4165-8E64-C95C05784CC4}.Debug|x64.ActiveCfg = Debug|Any CPU
		{5088AA94-57D5-4165-8E64-C95C05784CC4}.Debug|x64.Build.0 = Debug|Any CPU
		{5088AA94-57D5-4165-8E64-C95C05784CC4}.Debug|x86.ActiveCfg = Debug|Any CPU
		{5088AA94-57D5-4165-8E64-C95C05784CC4}.Debug|x86.Build.0 = Debug|Any CPU
		{5088AA94-57D5-4165-8E64-C95C05784CC4}.Release|Any CPU.ActiveCfg = Release|Any CPU
		{5088AA94-57D5-4165-8E64-C95C05784CC4}.Release|Any CPU.Build.0 = Release|Any CPU
		{5088AA94-57D5-4165-8E64-C95C05784CC4}.Release|x64.ActiveCfg = Release|Any CPU
		{5088AA94-57D5-4165-8E64-C95C05784CC4}.Release|x64.Build.0 = Release|Any CPU
		{5088AA94-57D5-4165-8E64-C95C05784CC4}.Release|x86.ActiveCfg = Release|Any CPU
		{5088AA94-57D5-4165-8E64-C95C05784CC4}.Release|x86.Build.0 = Release|Any CPU
		{168EC4A9-3658-4458-AEBE-38673162A05A}.Debug|Any CPU.ActiveCfg = Debug|Any CPU
		{168EC4A9-3658-4458-AEBE-38673162A05A}.Debug|Any CPU.Build.0 = Debug|Any CPU
		{168EC4A9-3658-4458-AEBE-38673162A05A}.Debug|x64.ActiveCfg = Debug|Any CPU
		{168EC4A9-3658-4458-AEBE-38673162A05A}.Debug|x64.Build.0 = Debug|Any CPU
		{168EC4A9-3658-4458-AEBE-38673162A05A}.Debug|x86.ActiveCfg = Debug|Any CPU
		{168EC4A9-3658-4458-AEBE-38673162A05A}.Debug|x86.Build.0 = Debug|Any CPU
		{168EC4A9-3658-4458-AEBE-38673162A05A}.Release|Any CPU.ActiveCfg = Release|Any CPU
		{168EC4A9-3658-4458-AEBE-38673162A05A}.Release|Any CPU.Build.0 = Release|Any CPU
		{168EC4A9-3658-4458-AEBE-38673162A05A}.Release|x64.ActiveCfg = Release|Any CPU
		{168EC4A9-3658-4458-AEBE-38673162A05A}.Release|x64.Build.0 = Release|Any CPU
		{168EC4A9-3658-4458-AEBE-38673162A05A}.Release|x86.ActiveCfg = Release|Any CPU
		{168EC4A9-3658-4458-AEBE-38673162A05A}.Release|x86.Build.0 = Release|Any CPU
		{76A67DCE-B98E-4075-996A-4D68247502AC}.Debug|Any CPU.ActiveCfg = Debug|Any CPU
		{76A67DCE-B98E-4075-996A-4D68247502AC}.Debug|Any CPU.Build.0 = Debug|Any CPU
		{76A67DCE-B98E-4075-996A-4D68247502AC}.Debug|x64.ActiveCfg = Debug|Any CPU
		{76A67DCE-B98E-4075-996A-4D68247502AC}.Debug|x64.Build.0 = Debug|Any CPU
		{76A67DCE-B98E-4075-996A-4D68247502AC}.Debug|x86.ActiveCfg = Debug|Any CPU
		{76A67DCE-B98E-4075-996A-4D68247502AC}.Debug|x86.Build.0 = Debug|Any CPU
		{76A67DCE-B98E-4075-996A-4D68247502AC}.Release|Any CPU.ActiveCfg = Release|Any CPU
		{76A67DCE-B98E-4075-996A-4D68247502AC}.Release|Any CPU.Build.0 = Release|Any CPU
		{76A67DCE-B98E-4075-996A-4D68247502AC}.Release|x64.ActiveCfg = Release|Any CPU
		{76A67DCE-B98E-4075-996A-4D68247502AC}.Release|x64.Build.0 = Release|Any CPU
		{76A67DCE-B98E-4075-996A-4D68247502AC}.Release|x86.ActiveCfg = Release|Any CPU
		{76A67DCE-B98E-4075-996A-4D68247502AC}.Release|x86.Build.0 = Release|Any CPU
		{9210AE69-EBA4-488D-9D1A-DD7A5CF1EAFC}.Debug|Any CPU.ActiveCfg = Debug|Any CPU
		{9210AE69-EBA4-488D-9D1A-DD7A5CF1EAFC}.Debug|Any CPU.Build.0 = Debug|Any CPU
		{9210AE69-EBA4-488D-9D1A-DD7A5CF1EAFC}.Debug|x64.ActiveCfg = Debug|Any CPU
		{9210AE69-EBA4-488D-9D1A-DD7A5CF1EAFC}.Debug|x64.Build.0 = Debug|Any CPU
		{9210AE69-EBA4-488D-9D1A-DD7A5CF1EAFC}.Debug|x86.ActiveCfg = Debug|Any CPU
		{9210AE69-EBA4-488D-9D1A-DD7A5CF1EAFC}.Debug|x86.Build.0 = Debug|Any CPU
		{9210AE69-EBA4-488D-9D1A-DD7A5CF1EAFC}.Release|Any CPU.ActiveCfg = Release|Any CPU
		{9210AE69-EBA4-488D-9D1A-DD7A5CF1EAFC}.Release|Any CPU.Build.0 = Release|Any CPU
		{9210AE69-EBA4-488D-9D1A-DD7A5CF1EAFC}.Release|x64.ActiveCfg = Release|Any CPU
		{9210AE69-EBA4-488D-9D1A-DD7A5CF1EAFC}.Release|x64.Build.0 = Release|Any CPU
		{9210AE69-EBA4-488D-9D1A-DD7A5CF1EAFC}.Release|x86.ActiveCfg = Release|Any CPU
		{9210AE69-EBA4-488D-9D1A-DD7A5CF1EAFC}.Release|x86.Build.0 = Release|Any CPU
		{1002ABFA-8C34-40BA-AFE1-E5D9F75500CF}.Debug|Any CPU.ActiveCfg = Debug|Any CPU
		{1002ABFA-8C34-40BA-AFE1-E5D9F75500CF}.Debug|Any CPU.Build.0 = Debug|Any CPU
		{1002ABFA-8C34-40BA-AFE1-E5D9F75500CF}.Debug|x64.ActiveCfg = Debug|Any CPU
		{1002ABFA-8C34-40BA-AFE1-E5D9F75500CF}.Debug|x64.Build.0 = Debug|Any CPU
		{1002ABFA-8C34-40BA-AFE1-E5D9F75500CF}.Debug|x86.ActiveCfg = Debug|Any CPU
		{1002ABFA-8C34-40BA-AFE1-E5D9F75500CF}.Debug|x86.Build.0 = Debug|Any CPU
		{1002ABFA-8C34-40BA-AFE1-E5D9F75500CF}.Release|Any CPU.ActiveCfg = Release|Any CPU
		{1002ABFA-8C34-40BA-AFE1-E5D9F75500CF}.Release|Any CPU.Build.0 = Release|Any CPU
		{1002ABFA-8C34-40BA-AFE1-E5D9F75500CF}.Release|x64.ActiveCfg = Release|Any CPU
		{1002ABFA-8C34-40BA-AFE1-E5D9F75500CF}.Release|x64.Build.0 = Release|Any CPU
		{1002ABFA-8C34-40BA-AFE1-E5D9F75500CF}.Release|x86.ActiveCfg = Release|Any CPU
		{1002ABFA-8C34-40BA-AFE1-E5D9F75500CF}.Release|x86.Build.0 = Release|Any CPU
		{5F1364AE-9626-4760-B062-F60E90E13A0A}.Debug|Any CPU.ActiveCfg = Debug|Any CPU
		{5F1364AE-9626-4760-B062-F60E90E13A0A}.Debug|Any CPU.Build.0 = Debug|Any CPU
		{5F1364AE-9626-4760-B062-F60E90E13A0A}.Debug|x64.ActiveCfg = Debug|Any CPU
		{5F1364AE-9626-4760-B062-F60E90E13A0A}.Debug|x64.Build.0 = Debug|Any CPU
		{5F1364AE-9626-4760-B062-F60E90E13A0A}.Debug|x86.ActiveCfg = Debug|Any CPU
		{5F1364AE-9626-4760-B062-F60E90E13A0A}.Debug|x86.Build.0 = Debug|Any CPU
		{5F1364AE-9626-4760-B062-F60E90E13A0A}.Release|Any CPU.ActiveCfg = Release|Any CPU
		{5F1364AE-9626-4760-B062-F60E90E13A0A}.Release|Any CPU.Build.0 = Release|Any CPU
		{5F1364AE-9626-4760-B062-F60E90E13A0A}.Release|x64.ActiveCfg = Release|Any CPU
		{5F1364AE-9626-4760-B062-F60E90E13A0A}.Release|x64.Build.0 = Release|Any CPU
		{5F1364AE-9626-4760-B062-F60E90E13A0A}.Release|x86.ActiveCfg = Release|Any CPU
		{5F1364AE-9626-4760-B062-F60E90E13A0A}.Release|x86.Build.0 = Release|Any CPU
		{59FDA972-91F2-4E79-A440-EA212B6281FA}.Debug|Any CPU.ActiveCfg = Debug|Any CPU
		{59FDA972-91F2-4E79-A440-EA212B6281FA}.Debug|Any CPU.Build.0 = Debug|Any CPU
		{59FDA972-91F2-4E79-A440-EA212B6281FA}.Debug|x64.ActiveCfg = Debug|Any CPU
		{59FDA972-91F2-4E79-A440-EA212B6281FA}.Debug|x64.Build.0 = Debug|Any CPU
		{59FDA972-91F2-4E79-A440-EA212B6281FA}.Debug|x86.ActiveCfg = Debug|Any CPU
		{59FDA972-91F2-4E79-A440-EA212B6281FA}.Debug|x86.Build.0 = Debug|Any CPU
		{59FDA972-91F2-4E79-A440-EA212B6281FA}.Release|Any CPU.ActiveCfg = Release|Any CPU
		{59FDA972-91F2-4E79-A440-EA212B6281FA}.Release|Any CPU.Build.0 = Release|Any CPU
		{59FDA972-91F2-4E79-A440-EA212B6281FA}.Release|x64.ActiveCfg = Release|Any CPU
		{59FDA972-91F2-4E79-A440-EA212B6281FA}.Release|x64.Build.0 = Release|Any CPU
		{59FDA972-91F2-4E79-A440-EA212B6281FA}.Release|x86.ActiveCfg = Release|Any CPU
		{59FDA972-91F2-4E79-A440-EA212B6281FA}.Release|x86.Build.0 = Release|Any CPU
	EndGlobalSection
	GlobalSection(SolutionProperties) = preSolution
		HideSolutionNode = FALSE
	EndGlobalSection
	GlobalSection(NestedProjects) = preSolution
		{5088AA94-57D5-4165-8E64-C95C05784CC4} = {02EA681E-C7D8-13C7-8484-4AC65E1B71E8}
		{168EC4A9-3658-4458-AEBE-38673162A05A} = {DC08D70A-D9B5-482C-BE5F-E852BE930C7A}
		{76A67DCE-B98E-4075-996A-4D68247502AC} = {DC08D70A-D9B5-482C-BE5F-E852BE930C7A}
		{9210AE69-EBA4-488D-9D1A-DD7A5CF1EAFC} = {33A030D0-F928-48AF-99FE-73692A4AF022}
		{1002ABFA-8C34-40BA-AFE1-E5D9F75500CF} = {33A030D0-F928-48AF-99FE-73692A4AF022}
		{5F1364AE-9626-4760-B062-F60E90E13A0A} = {02EA681E-C7D8-13C7-8484-4AC65E1B71E8}
		{59FDA972-91F2-4E79-A440-EA212B6281FA} = {F3F002D9-36F1-4F37-95A8-F4F09855A454}
	EndGlobalSection
	GlobalSection(ExtensibilityGlobals) = postSolution
		SolutionGuid = {73B20C62-1AA7-4601-BC86-1E89A626E2CD}
	EndGlobalSection
EndGlobal
